
Microsoft Visual Studio Solution File, Format Version 12.00
# Visual Studio Version 17
VisualStudioVersion = 17.1.32319.34
MinimumVisualStudioVersion = 10.0.40219.1
Project("{FAE04EC0-301F-11D3-BF4B-00C04F79EFBC}") = "OOProgrammingDemo1", "OOProgrammingDemo1\OOProgrammingDemo1.csproj", "{0018608B-6F24-471A-A062-0C115D1D62DA}"
EndProject
Project("{FAE04EC0-301F-11D3-BF4B-00C04F79EFBC}") = "TrainingAppOODemo", "TrainingAppOODemo\TrainingAppOODemo.csproj", "{76062E6F-6B94-40A0-BE7C-86EDBAAB2EE9}"
EndProject
Project("{FAE04EC0-301F-11D3-BF4B-00C04F79EFBC}") = "OODemo2", "OODemo2\OODemo2.csproj", "{42025FDC-64A4-4C99-8CAE-A62EA7D35814}"
EndProject
Project("{FAE04EC0-301F-11D3-BF4B-00C04F79EFBC}") = "IDELab", "IDELab\IDELab.csproj", "{0896147D-7C93-42C5-93B9-F5DFCDD70222}"
EndProject
Project("{FAE04EC0-301F-11D3-BF4B-00C04F79EFBC}") = "OODemo3", "OODemo3\OODemo3.csproj", "{2DCC539D-3ECA-44BA-B3B7-E8D3C838DD93}"
EndProject
Project("{FAE04EC0-301F-11D3-BF4B-00C04F79EFBC}") = "CollectionsDemo1", "CollectionsDemo1\CollectionsDemo1.csproj", "{3B9690EA-47C6-4F5F-80AA-26FBC68658F4}"
EndProject
Project("{FAE04EC0-301F-11D3-BF4B-00C04F79EFBC}") = "CollectionsDemo2", "CollectionsDemo2\CollectionsDemo2.csproj", "{053A18FB-60C8-49BF-A912-FDB080FB1AAE}"
EndProject
Project("{FAE04EC0-301F-11D3-BF4B-00C04F79EFBC}") = "DynamicCollectionDemo1", "DynamicCollectionDemo1\DynamicCollectionDemo1.csproj", "{6E8A8CEC-08FF-408C-9532-605301621404}"
EndProject
Project("{FAE04EC0-301F-11D3-BF4B-00C04F79EFBC}") = "DynamicCollectionsDemo2", "DynamicCollectionsDemo2\DynamicCollectionsDemo2.csproj", "{BD89448C-C7EA-4C1D-A1D4-2BC27A69DA43}"
EndProject
Project("{FAE04EC0-301F-11D3-BF4B-00C04F79EFBC}") = "DynamicCollectionDemo3", "DynamicCollectionDemo3\DynamicCollectionDemo3.csproj", "{FB0E534F-A67C-4078-B862-D892092830B3}"
EndProject
Project("{FAE04EC0-301F-11D3-BF4B-00C04F79EFBC}") = "ExceptionsDemo1", "ExceptionsDemo1\ExceptionsDemo1.csproj", "{23ECEAB7-5EB0-4048-AF8C-0C53F49E296D}"
EndProject
Project("{FAE04EC0-301F-11D3-BF4B-00C04F79EFBC}") = "ExceptionDemo2", "ExceptionDemo2\ExceptionDemo2.csproj", "{341BFBB1-92F5-4FAA-8DC1-BCC84C2B644D}"
EndProject
Project("{FAE04EC0-301F-11D3-BF4B-00C04F79EFBC}") = "FileIODemo1", "FileIODemo1\FileIODemo1.csproj", "{7AC7B33A-4B57-4972-B2D0-FCD0DB60702F}"
EndProject
Project("{FAE04EC0-301F-11D3-BF4B-00C04F79EFBC}") = "FileIODemo2", "FileIODemo2\FileIODemo2.csproj", "{B3923557-6501-4E59-95DB-6656AF995E22}"
EndProject
Project("{FAE04EC0-301F-11D3-BF4B-00C04F79EFBC}") = "FileIODemo3", "FileIODemo3\FileIODemo3.csproj", "{D2EB3449-4878-46F5-A7C2-ED9040BDD364}"
EndProject
Project("{FAE04EC0-301F-11D3-BF4B-00C04F79EFBC}") = "DelegatesDemo1", "DelegatesDemo1\DelegatesDemo1.csproj", "{8A644724-54D5-4907-8B80-52D13E80C9BA}"
EndProject
Project("{FAE04EC0-301F-11D3-BF4B-00C04F79EFBC}") = "DelegatesApplicationDemo", "DelegatesApplicationDemo\DelegatesApplicationDemo.csproj", "{C903778D-7662-4136-8D2D-9FC65392BA58}"
EndProject
Project("{FAE04EC0-301F-11D3-BF4B-00C04F79EFBC}") = "DelegatesApplicationDemo2", "DelegatesApplicationDemo2\DelegatesApplicationDemo2.csproj", "{D43CEEA7-C648-44C6-BD09-59138269DE1B}"
EndProject
Project("{FAE04EC0-301F-11D3-BF4B-00C04F79EFBC}") = "Lambda-Demos", "Lambda-Demos\Lambda-Demos.csproj", "{6221A21B-A3CE-4E92-AD45-79F621A97FE6}"
EndProject
Project("{2150E333-8FDC-42A3-9474-1A3956D46DE8}") = "Unit Testing Demo", "Unit Testing Demo", "{F0E8CDEF-4092-440E-BA64-9A9928722651}"
EndProject
Project("{FAE04EC0-301F-11D3-BF4B-00C04F79EFBC}") = "BankAppLibrary", "BankAppLibrary\BankAppLibrary.csproj", "{3840FC3B-74A7-43AD-A9FB-8E222C8C7C72}"
EndProject
Project("{FAE04EC0-301F-11D3-BF4B-00C04F79EFBC}") = "BankAppLibraryUnitTestProject", "BankAppLibraryUnitTestProject\BankAppLibraryUnitTestProject.csproj", "{B1AD2A20-CCA8-400F-816E-1703946D8632}"
EndProject
Project("{2150E333-8FDC-42A3-9474-1A3956D46DE8}") = "Database Programming", "Database Programming", "{E4C62B14-DD11-4B67-B44F-AE6A421605A9}"
EndProject
Project("{FAE04EC0-301F-11D3-BF4B-00C04F79EFBC}") = "DbProgrammingDemo", "DbProgrammingDemo\DbProgrammingDemo.csproj", "{65FE8F7E-CDAF-430E-B094-F7DAD9AE75F6}"
EndProject
Project("{2150E333-8FDC-42A3-9474-1A3956D46DE8}") = "LINQ Demos", "LINQ Demos", "{FEBA83BA-DC8C-4105-B616-2D0B6FA83599}"
EndProject
Project("{FAE04EC0-301F-11D3-BF4B-00C04F79EFBC}") = "LanguageEnhancementsDemos", "LanguageEnhancementsDemos\LanguageEnhancementsDemos.csproj", "{AF38DCE4-F5AE-4A76-9AAE-5C5EBFF2FF42}"
EndProject
Project("{FAE04EC0-301F-11D3-BF4B-00C04F79EFBC}") = "Linq2ObjectsDemo", "Linq2ObjectsDemo\Linq2ObjectsDemo.csproj", "{87FD5709-DF98-4A71-92E8-567E52DD7AA5}"
EndProject
Project("{FAE04EC0-301F-11D3-BF4B-00C04F79EFBC}") = "LinqDemos", "LinqDemos\LinqDemos.csproj", "{DA9EFBA1-E093-4AE3-B57A-29613B404B91}"
EndProject
Project("{FAE04EC0-301F-11D3-BF4B-00C04F79EFBC}") = "LinqDemo3", "LinqDemo3\LinqDemo3.csproj", "{D0FB1246-DCFB-4645-B87C-6D67B5296FDF}"
EndProject
Global
	GlobalSection(SolutionConfigurationPlatforms) = preSolution
		Debug|Any CPU = Debug|Any CPU
		Release|Any CPU = Release|Any CPU
	EndGlobalSection
	GlobalSection(ProjectConfigurationPlatforms) = postSolution
		{0018608B-6F24-471A-A062-0C115D1D62DA}.Debug|Any CPU.ActiveCfg = Debug|Any CPU
		{0018608B-6F24-471A-A062-0C115D1D62DA}.Debug|Any CPU.Build.0 = Debug|Any CPU
		{0018608B-6F24-471A-A062-0C115D1D62DA}.Release|Any CPU.ActiveCfg = Release|Any CPU
		{0018608B-6F24-471A-A062-0C115D1D62DA}.Release|Any CPU.Build.0 = Release|Any CPU
		{76062E6F-6B94-40A0-BE7C-86EDBAAB2EE9}.Debug|Any CPU.ActiveCfg = Debug|Any CPU
		{76062E6F-6B94-40A0-BE7C-86EDBAAB2EE9}.Debug|Any CPU.Build.0 = Debug|Any CPU
		{76062E6F-6B94-40A0-BE7C-86EDBAAB2EE9}.Release|Any CPU.ActiveCfg = Release|Any CPU
		{76062E6F-6B94-40A0-BE7C-86EDBAAB2EE9}.Release|Any CPU.Build.0 = Release|Any CPU
		{42025FDC-64A4-4C99-8CAE-A62EA7D35814}.Debug|Any CPU.ActiveCfg = Debug|Any CPU
		{42025FDC-64A4-4C99-8CAE-A62EA7D35814}.Debug|Any CPU.Build.0 = Debug|Any CPU
		{42025FDC-64A4-4C99-8CAE-A62EA7D35814}.Release|Any CPU.ActiveCfg = Release|Any CPU
		{42025FDC-64A4-4C99-8CAE-A62EA7D35814}.Release|Any CPU.Build.0 = Release|Any CPU
		{0896147D-7C93-42C5-93B9-F5DFCDD70222}.Debug|Any CPU.ActiveCfg = Debug|Any CPU
		{0896147D-7C93-42C5-93B9-F5DFCDD70222}.Debug|Any CPU.Build.0 = Debug|Any CPU
		{0896147D-7C93-42C5-93B9-F5DFCDD70222}.Release|Any CPU.ActiveCfg = Release|Any CPU
		{0896147D-7C93-42C5-93B9-F5DFCDD70222}.Release|Any CPU.Build.0 = Release|Any CPU
		{2DCC539D-3ECA-44BA-B3B7-E8D3C838DD93}.Debug|Any CPU.ActiveCfg = Debug|Any CPU
		{2DCC539D-3ECA-44BA-B3B7-E8D3C838DD93}.Debug|Any CPU.Build.0 = Debug|Any CPU
		{2DCC539D-3ECA-44BA-B3B7-E8D3C838DD93}.Release|Any CPU.ActiveCfg = Release|Any CPU
		{2DCC539D-3ECA-44BA-B3B7-E8D3C838DD93}.Release|Any CPU.Build.0 = Release|Any CPU
		{3B9690EA-47C6-4F5F-80AA-26FBC68658F4}.Debug|Any CPU.ActiveCfg = Debug|Any CPU
		{3B9690EA-47C6-4F5F-80AA-26FBC68658F4}.Debug|Any CPU.Build.0 = Debug|Any CPU
		{3B9690EA-47C6-4F5F-80AA-26FBC68658F4}.Release|Any CPU.ActiveCfg = Release|Any CPU
		{3B9690EA-47C6-4F5F-80AA-26FBC68658F4}.Release|Any CPU.Build.0 = Release|Any CPU
		{053A18FB-60C8-49BF-A912-FDB080FB1AAE}.Debug|Any CPU.ActiveCfg = Debug|Any CPU
		{053A18FB-60C8-49BF-A912-FDB080FB1AAE}.Debug|Any CPU.Build.0 = Debug|Any CPU
		{053A18FB-60C8-49BF-A912-FDB080FB1AAE}.Release|Any CPU.ActiveCfg = Release|Any CPU
		{053A18FB-60C8-49BF-A912-FDB080FB1AAE}.Release|Any CPU.Build.0 = Release|Any CPU
		{6E8A8CEC-08FF-408C-9532-605301621404}.Debug|Any CPU.ActiveCfg = Debug|Any CPU
		{6E8A8CEC-08FF-408C-9532-605301621404}.Debug|Any CPU.Build.0 = Debug|Any CPU
		{6E8A8CEC-08FF-408C-9532-605301621404}.Release|Any CPU.ActiveCfg = Release|Any CPU
		{6E8A8CEC-08FF-408C-9532-605301621404}.Release|Any CPU.Build.0 = Release|Any CPU
		{BD89448C-C7EA-4C1D-A1D4-2BC27A69DA43}.Debug|Any CPU.ActiveCfg = Debug|Any CPU
		{BD89448C-C7EA-4C1D-A1D4-2BC27A69DA43}.Debug|Any CPU.Build.0 = Debug|Any CPU
		{BD89448C-C7EA-4C1D-A1D4-2BC27A69DA43}.Release|Any CPU.ActiveCfg = Release|Any CPU
		{BD89448C-C7EA-4C1D-A1D4-2BC27A69DA43}.Release|Any CPU.Build.0 = Release|Any CPU
		{FB0E534F-A67C-4078-B862-D892092830B3}.Debug|Any CPU.ActiveCfg = Debug|Any CPU
		{FB0E534F-A67C-4078-B862-D892092830B3}.Debug|Any CPU.Build.0 = Debug|Any CPU
		{FB0E534F-A67C-4078-B862-D892092830B3}.Release|Any CPU.ActiveCfg = Release|Any CPU
		{FB0E534F-A67C-4078-B862-D892092830B3}.Release|Any CPU.Build.0 = Release|Any CPU
		{23ECEAB7-5EB0-4048-AF8C-0C53F49E296D}.Debug|Any CPU.ActiveCfg = Debug|Any CPU
		{23ECEAB7-5EB0-4048-AF8C-0C53F49E296D}.Debug|Any CPU.Build.0 = Debug|Any CPU
		{23ECEAB7-5EB0-4048-AF8C-0C53F49E296D}.Release|Any CPU.ActiveCfg = Release|Any CPU
		{23ECEAB7-5EB0-4048-AF8C-0C53F49E296D}.Release|Any CPU.Build.0 = Release|Any CPU
		{341BFBB1-92F5-4FAA-8DC1-BCC84C2B644D}.Debug|Any CPU.ActiveCfg = Debug|Any CPU
		{341BFBB1-92F5-4FAA-8DC1-BCC84C2B644D}.Debug|Any CPU.Build.0 = Debug|Any CPU
		{341BFBB1-92F5-4FAA-8DC1-BCC84C2B644D}.Release|Any CPU.ActiveCfg = Release|Any CPU
		{341BFBB1-92F5-4FAA-8DC1-BCC84C2B644D}.Release|Any CPU.Build.0 = Release|Any CPU
		{7AC7B33A-4B57-4972-B2D0-FCD0DB60702F}.Debug|Any CPU.ActiveCfg = Debug|Any CPU
		{7AC7B33A-4B57-4972-B2D0-FCD0DB60702F}.Debug|Any CPU.Build.0 = Debug|Any CPU
		{7AC7B33A-4B57-4972-B2D0-FCD0DB60702F}.Release|Any CPU.ActiveCfg = Release|Any CPU
		{7AC7B33A-4B57-4972-B2D0-FCD0DB60702F}.Release|Any CPU.Build.0 = Release|Any CPU
		{B3923557-6501-4E59-95DB-6656AF995E22}.Debug|Any CPU.ActiveCfg = Debug|Any CPU
		{B3923557-6501-4E59-95DB-6656AF995E22}.Debug|Any CPU.Build.0 = Debug|Any CPU
		{B3923557-6501-4E59-95DB-6656AF995E22}.Release|Any CPU.ActiveCfg = Release|Any CPU
		{B3923557-6501-4E59-95DB-6656AF995E22}.Release|Any CPU.Build.0 = Release|Any CPU
		{D2EB3449-4878-46F5-A7C2-ED9040BDD364}.Debug|Any CPU.ActiveCfg = Debug|Any CPU
		{D2EB3449-4878-46F5-A7C2-ED9040BDD364}.Debug|Any CPU.Build.0 = Debug|Any CPU
		{D2EB3449-4878-46F5-A7C2-ED9040BDD364}.Release|Any CPU.ActiveCfg = Release|Any CPU
		{D2EB3449-4878-46F5-A7C2-ED9040BDD364}.Release|Any CPU.Build.0 = Release|Any CPU
		{8A644724-54D5-4907-8B80-52D13E80C9BA}.Debug|Any CPU.ActiveCfg = Debug|Any CPU
		{8A644724-54D5-4907-8B80-52D13E80C9BA}.Debug|Any CPU.Build.0 = Debug|Any CPU
		{8A644724-54D5-4907-8B80-52D13E80C9BA}.Release|Any CPU.ActiveCfg = Release|Any CPU
		{8A644724-54D5-4907-8B80-52D13E80C9BA}.Release|Any CPU.Build.0 = Release|Any CPU
		{C903778D-7662-4136-8D2D-9FC65392BA58}.Debug|Any CPU.ActiveCfg = Debug|Any CPU
		{C903778D-7662-4136-8D2D-9FC65392BA58}.Debug|Any CPU.Build.0 = Debug|Any CPU
		{C903778D-7662-4136-8D2D-9FC65392BA58}.Release|Any CPU.ActiveCfg = Release|Any CPU
		{C903778D-7662-4136-8D2D-9FC65392BA58}.Release|Any CPU.Build.0 = Release|Any CPU
		{D43CEEA7-C648-44C6-BD09-59138269DE1B}.Debug|Any CPU.ActiveCfg = Debug|Any CPU
		{D43CEEA7-C648-44C6-BD09-59138269DE1B}.Debug|Any CPU.Build.0 = Debug|Any CPU
		{D43CEEA7-C648-44C6-BD09-59138269DE1B}.Release|Any CPU.ActiveCfg = Release|Any CPU
		{D43CEEA7-C648-44C6-BD09-59138269DE1B}.Release|Any CPU.Build.0 = Release|Any CPU
		{6221A21B-A3CE-4E92-AD45-79F621A97FE6}.Debug|Any CPU.ActiveCfg = Debug|Any CPU
		{6221A21B-A3CE-4E92-AD45-79F621A97FE6}.Debug|Any CPU.Build.0 = Debug|Any CPU
		{6221A21B-A3CE-4E92-AD45-79F621A97FE6}.Release|Any CPU.ActiveCfg = Release|Any CPU
		{6221A21B-A3CE-4E92-AD45-79F621A97FE6}.Release|Any CPU.Build.0 = Release|Any CPU
		{3840FC3B-74A7-43AD-A9FB-8E222C8C7C72}.Debug|Any CPU.ActiveCfg = Debug|Any CPU
		{3840FC3B-74A7-43AD-A9FB-8E222C8C7C72}.Debug|Any CPU.Build.0 = Debug|Any CPU
		{3840FC3B-74A7-43AD-A9FB-8E222C8C7C72}.Release|Any CPU.ActiveCfg = Release|Any CPU
		{3840FC3B-74A7-43AD-A9FB-8E222C8C7C72}.Release|Any CPU.Build.0 = Release|Any CPU
		{B1AD2A20-CCA8-400F-816E-1703946D8632}.Debug|Any CPU.ActiveCfg = Debug|Any CPU
		{B1AD2A20-CCA8-400F-816E-1703946D8632}.Debug|Any CPU.Build.0 = Debug|Any CPU
		{B1AD2A20-CCA8-400F-816E-1703946D8632}.Release|Any CPU.ActiveCfg = Release|Any CPU
		{B1AD2A20-CCA8-400F-816E-1703946D8632}.Release|Any CPU.Build.0 = Release|Any CPU
		{65FE8F7E-CDAF-430E-B094-F7DAD9AE75F6}.Debug|Any CPU.ActiveCfg = Debug|Any CPU
		{65FE8F7E-CDAF-430E-B094-F7DAD9AE75F6}.Debug|Any CPU.Build.0 = Debug|Any CPU
		{65FE8F7E-CDAF-430E-B094-F7DAD9AE75F6}.Release|Any CPU.ActiveCfg = Release|Any CPU
		{65FE8F7E-CDAF-430E-B094-F7DAD9AE75F6}.Release|Any CPU.Build.0 = Release|Any CPU
		{AF38DCE4-F5AE-4A76-9AAE-5C5EBFF2FF42}.Debug|Any CPU.ActiveCfg = Debug|Any CPU
		{AF38DCE4-F5AE-4A76-9AAE-5C5EBFF2FF42}.Debug|Any CPU.Build.0 = Debug|Any CPU
		{AF38DCE4-F5AE-4A76-9AAE-5C5EBFF2FF42}.Release|Any CPU.ActiveCfg = Release|Any CPU
		{AF38DCE4-F5AE-4A76-9AAE-5C5EBFF2FF42}.Release|Any CPU.Build.0 = Release|Any CPU
		{87FD5709-DF98-4A71-92E8-567E52DD7AA5}.Debug|Any CPU.ActiveCfg = Debug|Any CPU
		{87FD5709-DF98-4A71-92E8-567E52DD7AA5}.Debug|Any CPU.Build.0 = Debug|Any CPU
		{87FD5709-DF98-4A71-92E8-567E52DD7AA5}.Release|Any CPU.ActiveCfg = Release|Any CPU
		{87FD5709-DF98-4A71-92E8-567E52DD7AA5}.Release|Any CPU.Build.0 = Release|Any CPU
		{DA9EFBA1-E093-4AE3-B57A-29613B404B91}.Debug|Any CPU.ActiveCfg = Debug|Any CPU
		{DA9EFBA1-E093-4AE3-B57A-29613B404B91}.Debug|Any CPU.Build.0 = Debug|Any CPU
		{DA9EFBA1-E093-4AE3-B57A-29613B404B91}.Release|Any CPU.ActiveCfg = Release|Any CPU
		{DA9EFBA1-E093-4AE3-B57A-29613B404B91}.Release|Any CPU.Build.0 = Release|Any CPU
		{D0FB1246-DCFB-4645-B87C-6D67B5296FDF}.Debug|Any CPU.ActiveCfg = Debug|Any CPU
		{D0FB1246-DCFB-4645-B87C-6D67B5296FDF}.Debug|Any CPU.Build.0 = Debug|Any CPU
		{D0FB1246-DCFB-4645-B87C-6D67B5296FDF}.Release|Any CPU.ActiveCfg = Release|Any CPU
		{D0FB1246-DCFB-4645-B87C-6D67B5296FDF}.Release|Any CPU.Build.0 = Release|Any CPU
	EndGlobalSection
	GlobalSection(SolutionProperties) = preSolution
		HideSolutionNode = FALSE
	EndGlobalSection
	GlobalSection(NestedProjects) = preSolution
		{3840FC3B-74A7-43AD-A9FB-8E222C8C7C72} = {F0E8CDEF-4092-440E-BA64-9A9928722651}
		{B1AD2A20-CCA8-400F-816E-1703946D8632} = {F0E8CDEF-4092-440E-BA64-9A9928722651}
		{65FE8F7E-CDAF-430E-B094-F7DAD9AE75F6} = {E4C62B14-DD11-4B67-B44F-AE6A421605A9}
		{AF38DCE4-F5AE-4A76-9AAE-5C5EBFF2FF42} = {FEBA83BA-DC8C-4105-B616-2D0B6FA83599}
		{87FD5709-DF98-4A71-92E8-567E52DD7AA5} = {FEBA83BA-DC8C-4105-B616-2D0B6FA83599}
		{DA9EFBA1-E093-4AE3-B57A-29613B404B91} = {FEBA83BA-DC8C-4105-B616-2D0B6FA83599}
		{D0FB1246-DCFB-4645-B87C-6D67B5296FDF} = {FEBA83BA-DC8C-4105-B616-2D0B6FA83599}
	EndGlobalSection
	GlobalSection(ExtensibilityGlobals) = postSolution
		SolutionGuid = {D18B3E31-F8D5-4709-9D70-B2FFC138C2DE}
	EndGlobalSection
EndGlobal
